
Microsoft Visual Studio Solution File, Format Version 12.00
# Visual Studio 15
VisualStudioVersion = 15.0.26430.13
MinimumVisualStudioVersion = 10.0.40219.1
Project("{FAE04EC0-301F-11D3-BF4B-00C04F79EFBC}") = "TabbedPagedTest.Android", "TabbedPagedTest\TabbedPagedTest.Android\TabbedPagedTest.Android.csproj", "{6B262736-A9E1-444F-B7AE-C5A731D29A03}"
EndProject
Project("{FAE04EC0-301F-11D3-BF4B-00C04F79EFBC}") = "TabbedPagedTest", "TabbedPagedTest\TabbedPagedTest\TabbedPagedTest.csproj", "{93E3132D-2E12-459D-9BB6-23A5E8248EAF}"
EndProject
Project("{FAE04EC0-301F-11D3-BF4B-00C04F79EFBC}") = "TabbedPagedTest.UWP", "TabbedPagedTest\TabbedPagedTest.UWP\TabbedPagedTest.UWP.csproj", "{8CEEA319-3E1B-430F-8DC4-29863E7AB4EB}"
EndProject
Project("{FAE04EC0-301F-11D3-BF4B-00C04F79EFBC}") = "TabbedPagedTest.iOS", "TabbedPagedTest\TabbedPagedTest.iOS\TabbedPagedTest.iOS.csproj", "{AFD41CF2-8E4A-41AC-855B-6A416094329D}"
EndProject
Global
	GlobalSection(SolutionConfigurationPlatforms) = preSolution
		Ad-Hoc|Any CPU = Ad-Hoc|Any CPU
		Ad-Hoc|ARM = Ad-Hoc|ARM
		Ad-Hoc|iPhone = Ad-Hoc|iPhone
		Ad-Hoc|iPhoneSimulator = Ad-Hoc|iPhoneSimulator
		Ad-Hoc|x64 = Ad-Hoc|x64
		Ad-Hoc|x86 = Ad-Hoc|x86
		AppStore|Any CPU = AppStore|Any CPU
		AppStore|ARM = AppStore|ARM
		AppStore|iPhone = AppStore|iPhone
		AppStore|iPhoneSimulator = AppStore|iPhoneSimulator
		AppStore|x64 = AppStore|x64
		AppStore|x86 = AppStore|x86
		Debug|Any CPU = Debug|Any CPU
		Debug|ARM = Debug|ARM
		Debug|iPhone = Debug|iPhone
		Debug|iPhoneSimulator = Debug|iPhoneSimulator
		Debug|x64 = Debug|x64
		Debug|x86 = Debug|x86
		Release|Any CPU = Release|Any CPU
		Release|ARM = Release|ARM
		Release|iPhone = Release|iPhone
		Release|iPhoneSimulator = Release|iPhoneSimulator
		Release|x64 = Release|x64
		Release|x86 = Release|x86
	EndGlobalSection
	GlobalSection(ProjectConfigurationPlatforms) = postSolution
		{6B262736-A9E1-444F-B7AE-C5A731D29A03}.Ad-Hoc|Any CPU.ActiveCfg = Release|Any CPU
		{6B262736-A9E1-444F-B7AE-C5A731D29A03}.Ad-Hoc|Any CPU.Build.0 = Release|Any CPU
		{6B262736-A9E1-444F-B7AE-C5A731D29A03}.Ad-Hoc|Any CPU.Deploy.0 = Release|Any CPU
		{6B262736-A9E1-444F-B7AE-C5A731D29A03}.Ad-Hoc|ARM.ActiveCfg = Release|Any CPU
		{6B262736-A9E1-444F-B7AE-C5A731D29A03}.Ad-Hoc|ARM.Build.0 = Release|Any CPU
		{6B262736-A9E1-444F-B7AE-C5A731D29A03}.Ad-Hoc|ARM.Deploy.0 = Release|Any CPU
		{6B262736-A9E1-444F-B7AE-C5A731D29A03}.Ad-Hoc|iPhone.ActiveCfg = Release|Any CPU
		{6B262736-A9E1-444F-B7AE-C5A731D29A03}.Ad-Hoc|iPhone.Build.0 = Release|Any CPU
		{6B262736-A9E1-444F-B7AE-C5A731D29A03}.Ad-Hoc|iPhone.Deploy.0 = Release|Any CPU
		{6B262736-A9E1-444F-B7AE-C5A731D29A03}.Ad-Hoc|iPhoneSimulator.ActiveCfg = Release|Any CPU
		{6B262736-A9E1-444F-B7AE-C5A731D29A03}.Ad-Hoc|iPhoneSimulator.Build.0 = Release|Any CPU
		{6B262736-A9E1-444F-B7AE-C5A731D29A03}.Ad-Hoc|iPhoneSimulator.Deploy.0 = Release|Any CPU
		{6B262736-A9E1-444F-B7AE-C5A731D29A03}.Ad-Hoc|x64.ActiveCfg = Release|Any CPU
		{6B262736-A9E1-444F-B7AE-C5A731D29A03}.Ad-Hoc|x64.Build.0 = Release|Any CPU
		{6B262736-A9E1-444F-B7AE-C5A731D29A03}.Ad-Hoc|x64.Deploy.0 = Release|Any CPU
		{6B262736-A9E1-444F-B7AE-C5A731D29A03}.Ad-Hoc|x86.ActiveCfg = Release|Any CPU
		{6B262736-A9E1-444F-B7AE-C5A731D29A03}.Ad-Hoc|x86.Build.0 = Release|Any CPU
		{6B262736-A9E1-444F-B7AE-C5A731D29A03}.Ad-Hoc|x86.Deploy.0 = Release|Any CPU
		{6B262736-A9E1-444F-B7AE-C5A731D29A03}.AppStore|Any CPU.ActiveCfg = Release|Any CPU
		{6B262736-A9E1-444F-B7AE-C5A731D29A03}.AppStore|Any CPU.Build.0 = Release|Any CPU
		{6B262736-A9E1-444F-B7AE-C5A731D29A03}.AppStore|Any CPU.Deploy.0 = Release|Any CPU
		{6B262736-A9E1-444F-B7AE-C5A731D29A03}.AppStore|ARM.ActiveCfg = Release|Any CPU
		{6B262736-A9E1-444F-B7AE-C5A731D29A03}.AppStore|ARM.Build.0 = Release|Any CPU
		{6B262736-A9E1-444F-B7AE-C5A731D29A03}.AppStore|ARM.Deploy.0 = Release|Any CPU
		{6B262736-A9E1-444F-B7AE-C5A731D29A03}.AppStore|iPhone.ActiveCfg = Release|Any CPU
		{6B262736-A9E1-444F-B7AE-C5A731D29A03}.AppStore|iPhone.Build.0 = Release|Any CPU
		{6B262736-A9E1-444F-B7AE-C5A731D29A03}.AppStore|iPhone.Deploy.0 = Release|Any CPU
		{6B262736-A9E1-444F-B7AE-C5A731D29A03}.AppStore|iPhoneSimulator.ActiveCfg = Release|Any CPU
		{6B262736-A9E1-444F-B7AE-C5A731D29A03}.AppStore|iPhoneSimulator.Build.0 = Release|Any CPU
		{6B262736-A9E1-444F-B7AE-C5A731D29A03}.AppStore|iPhoneSimulator.Deploy.0 = Release|Any CPU
		{6B262736-A9E1-444F-B7AE-C5A731D29A03}.AppStore|x64.ActiveCfg = Release|Any CPU
		{6B262736-A9E1-444F-B7AE-C5A731D29A03}.AppStore|x64.Build.0 = Release|Any CPU
		{6B262736-A9E1-444F-B7AE-C5A731D29A03}.AppStore|x64.Deploy.0 = Release|Any CPU
		{6B262736-A9E1-444F-B7AE-C5A731D29A03}.AppStore|x86.ActiveCfg = Release|Any CPU
		{6B262736-A9E1-444F-B7AE-C5A731D29A03}.AppStore|x86.Build.0 = Release|Any CPU
		{6B262736-A9E1-444F-B7AE-C5A731D29A03}.AppStore|x86.Deploy.0 = Release|Any CPU
		{6B262736-A9E1-444F-B7AE-C5A731D29A03}.Debug|Any CPU.ActiveCfg = Debug|Any CPU
		{6B262736-A9E1-444F-B7AE-C5A731D29A03}.Debug|Any CPU.Build.0 = Debug|Any CPU
		{6B262736-A9E1-444F-B7AE-C5A731D29A03}.Debug|Any CPU.Deploy.0 = Debug|Any CPU
		{6B262736-A9E1-444F-B7AE-C5A731D29A03}.Debug|ARM.ActiveCfg = Debug|Any CPU
		{6B262736-A9E1-444F-B7AE-C5A731D29A03}.Debug|ARM.Build.0 = Debug|Any CPU
		{6B262736-A9E1-444F-B7AE-C5A731D29A03}.Debug|ARM.Deploy.0 = Debug|Any CPU
		{6B262736-A9E1-444F-B7AE-C5A731D29A03}.Debug|iPhone.ActiveCfg = Debug|Any CPU
		{6B262736-A9E1-444F-B7AE-C5A731D29A03}.Debug|iPhone.Build.0 = Debug|Any CPU
		{6B262736-A9E1-444F-B7AE-C5A731D29A03}.Debug|iPhone.Deploy.0 = Debug|Any CPU
		{6B262736-A9E1-444F-B7AE-C5A731D29A03}.Debug|iPhoneSimulator.ActiveCfg = Debug|Any CPU
		{6B262736-A9E1-444F-B7AE-C5A731D29A03}.Debug|iPhoneSimulator.Build.0 = Debug|Any CPU
		{6B262736-A9E1-444F-B7AE-C5A731D29A03}.Debug|iPhoneSimulator.Deploy.0 = Debug|Any CPU
		{6B262736-A9E1-444F-B7AE-C5A731D29A03}.Debug|x64.ActiveCfg = Debug|Any CPU
		{6B262736-A9E1-444F-B7AE-C5A731D29A03}.Debug|x64.Build.0 = Debug|Any CPU
		{6B262736-A9E1-444F-B7AE-C5A731D29A03}.Debug|x64.Deploy.0 = Debug|Any CPU
		{6B262736-A9E1-444F-B7AE-C5A731D29A03}.Debug|x86.ActiveCfg = Debug|Any CPU
		{6B262736-A9E1-444F-B7AE-C5A731D29A03}.Debug|x86.Build.0 = Debug|Any CPU
		{6B262736-A9E1-444F-B7AE-C5A731D29A03}.Debug|x86.Deploy.0 = Debug|Any CPU
		{6B262736-A9E1-444F-B7AE-C5A731D29A03}.Release|Any CPU.ActiveCfg = Release|Any CPU
		{6B262736-A9E1-444F-B7AE-C5A731D29A03}.Release|Any CPU.Build.0 = Release|Any CPU
		{6B262736-A9E1-444F-B7AE-C5A731D29A03}.Release|Any CPU.Deploy.0 = Release|Any CPU
		{6B262736-A9E1-444F-B7AE-C5A731D29A03}.Release|ARM.ActiveCfg = Release|Any CPU
		{6B262736-A9E1-444F-B7AE-C5A731D29A03}.Release|ARM.Build.0 = Release|Any CPU
		{6B262736-A9E1-444F-B7AE-C5A731D29A03}.Release|ARM.Deploy.0 = Release|Any CPU
		{6B262736-A9E1-444F-B7AE-C5A731D29A03}.Release|iPhone.ActiveCfg = Release|Any CPU
		{6B262736-A9E1-444F-B7AE-C5A731D29A03}.Release|iPhone.Build.0 = Release|Any CPU
		{6B262736-A9E1-444F-B7AE-C5A731D29A03}.Release|iPhone.Deploy.0 = Release|Any CPU
		{6B262736-A9E1-444F-B7AE-C5A731D29A03}.Release|iPhoneSimulator.ActiveCfg = Release|Any CPU
		{6B262736-A9E1-444F-B7AE-C5A731D29A03}.Release|iPhoneSimulator.Build.0 = Release|Any CPU
		{6B262736-A9E1-444F-B7AE-C5A731D29A03}.Release|iPhoneSimulator.Deploy.0 = Release|Any CPU
		{6B262736-A9E1-444F-B7AE-C5A731D29A03}.Release|x64.ActiveCfg = Release|Any CPU
		{6B262736-A9E1-444F-B7AE-C5A731D29A03}.Release|x64.Build.0 = Release|Any CPU
		{6B262736-A9E1-444F-B7AE-C5A731D29A03}.Release|x64.Deploy.0 = Release|Any CPU
		{6B262736-A9E1-444F-B7AE-C5A731D29A03}.Release|x86.ActiveCfg = Release|Any CPU
		{6B262736-A9E1-444F-B7AE-C5A731D29A03}.Release|x86.Build.0 = Release|Any CPU
		{6B262736-A9E1-444F-B7AE-C5A731D29A03}.Release|x86.Deploy.0 = Release|Any CPU
		{93E3132D-2E12-459D-9BB6-23A5E8248EAF}.Ad-Hoc|Any CPU.ActiveCfg = Release|Any CPU
		{93E3132D-2E12-459D-9BB6-23A5E8248EAF}.Ad-Hoc|Any CPU.Build.0 = Release|Any CPU
		{93E3132D-2E12-459D-9BB6-23A5E8248EAF}.Ad-Hoc|ARM.ActiveCfg = Release|Any CPU
		{93E3132D-2E12-459D-9BB6-23A5E8248EAF}.Ad-Hoc|ARM.Build.0 = Release|Any CPU
		{93E3132D-2E12-459D-9BB6-23A5E8248EAF}.Ad-Hoc|iPhone.ActiveCfg = Release|Any CPU
		{93E3132D-2E12-459D-9BB6-23A5E8248EAF}.Ad-Hoc|iPhone.Build.0 = Release|Any CPU
		{93E3132D-2E12-459D-9BB6-23A5E8248EAF}.Ad-Hoc|iPhoneSimulator.ActiveCfg = Release|Any CPU
		{93E3132D-2E12-459D-9BB6-23A5E8248EAF}.Ad-Hoc|iPhoneSimulator.Build.0 = Release|Any CPU
		{93E3132D-2E12-459D-9BB6-23A5E8248EAF}.Ad-Hoc|x64.ActiveCfg = Release|Any CPU
		{93E3132D-2E12-459D-9BB6-23A5E8248EAF}.Ad-Hoc|x64.Build.0 = Release|Any CPU
		{93E3132D-2E12-459D-9BB6-23A5E8248EAF}.Ad-Hoc|x86.ActiveCfg = Release|Any CPU
		{93E3132D-2E12-459D-9BB6-23A5E8248EAF}.Ad-Hoc|x86.Build.0 = Release|Any CPU
		{93E3132D-2E12-459D-9BB6-23A5E8248EAF}.AppStore|Any CPU.ActiveCfg = Release|Any CPU
		{93E3132D-2E12-459D-9BB6-23A5E8248EAF}.AppStore|Any CPU.Build.0 = Release|Any CPU
		{93E3132D-2E12-459D-9BB6-23A5E8248EAF}.AppStore|ARM.ActiveCfg = Release|Any CPU
		{93E3132D-2E12-459D-9BB6-23A5E8248EAF}.AppStore|ARM.Build.0 = Release|Any CPU
		{93E3132D-2E12-459D-9BB6-23A5E8248EAF}.AppStore|iPhone.ActiveCfg = Release|Any CPU
		{93E3132D-2E12-459D-9BB6-23A5E8248EAF}.AppStore|iPhone.Build.0 = Release|Any CPU
		{93E3132D-2E12-459D-9BB6-23A5E8248EAF}.AppStore|iPhoneSimulator.ActiveCfg = Release|Any CPU
		{93E3132D-2E12-459D-9BB6-23A5E8248EAF}.AppStore|iPhoneSimulator.Build.0 = Release|Any CPU
		{93E3132D-2E12-459D-9BB6-23A5E8248EAF}.AppStore|x64.ActiveCfg = Release|Any CPU
		{93E3132D-2E12-459D-9BB6-23A5E8248EAF}.AppStore|x64.Build.0 = Release|Any CPU
		{93E3132D-2E12-459D-9BB6-23A5E8248EAF}.AppStore|x86.ActiveCfg = Release|Any CPU
		{93E3132D-2E12-459D-9BB6-23A5E8248EAF}.AppStore|x86.Build.0 = Release|Any CPU
		{93E3132D-2E12-459D-9BB6-23A5E8248EAF}.Debug|Any CPU.ActiveCfg = Debug|Any CPU
		{93E3132D-2E12-459D-9BB6-23A5E8248EAF}.Debug|Any CPU.Build.0 = Debug|Any CPU
		{93E3132D-2E12-459D-9BB6-23A5E8248EAF}.Debug|ARM.ActiveCfg = Debug|Any CPU
		{93E3132D-2E12-459D-9BB6-23A5E8248EAF}.Debug|ARM.Build.0 = Debug|Any CPU
		{93E3132D-2E12-459D-9BB6-23A5E8248EAF}.Debug|iPhone.ActiveCfg = Debug|Any CPU
		{93E3132D-2E12-459D-9BB6-23A5E8248EAF}.Debug|iPhone.Build.0 = Debug|Any CPU
		{93E3132D-2E12-459D-9BB6-23A5E8248EAF}.Debug|iPhoneSimulator.ActiveCfg = Debug|Any CPU
		{93E3132D-2E12-459D-9BB6-23A5E8248EAF}.Debug|iPhoneSimulator.Build.0 = Debug|Any CPU
		{93E3132D-2E12-459D-9BB6-23A5E8248EAF}.Debug|x64.ActiveCfg = Debug|Any CPU
		{93E3132D-2E12-459D-9BB6-23A5E8248EAF}.Debug|x64.Build.0 = Debug|Any CPU
		{93E3132D-2E12-459D-9BB6-23A5E8248EAF}.Debug|x86.ActiveCfg = Debug|Any CPU
		{93E3132D-2E12-459D-9BB6-23A5E8248EAF}.Debug|x86.Build.0 = Debug|Any CPU
		{93E3132D-2E12-459D-9BB6-23A5E8248EAF}.Release|Any CPU.ActiveCfg = Release|Any CPU
		{93E3132D-2E12-459D-9BB6-23A5E8248EAF}.Release|Any CPU.Build.0 = Release|Any CPU
		{93E3132D-2E12-459D-9BB6-23A5E8248EAF}.Release|ARM.ActiveCfg = Release|Any CPU
		{93E3132D-2E12-459D-9BB6-23A5E8248EAF}.Release|ARM.Build.0 = Release|Any CPU
		{93E3132D-2E12-459D-9BB6-23A5E8248EAF}.Release|iPhone.ActiveCfg = Release|Any CPU
		{93E3132D-2E12-459D-9BB6-23A5E8248EAF}.Release|iPhone.Build.0 = Release|Any CPU
		{93E3132D-2E12-459D-9BB6-23A5E8248EAF}.Release|iPhoneSimulator.ActiveCfg = Release|Any CPU
		{93E3132D-2E12-459D-9BB6-23A5E8248EAF}.Release|iPhoneSimulator.Build.0 = Release|Any CPU
		{93E3132D-2E12-459D-9BB6-23A5E8248EAF}.Release|x64.ActiveCfg = Release|Any CPU
		{93E3132D-2E12-459D-9BB6-23A5E8248EAF}.Release|x64.Build.0 = Release|Any CPU
		{93E3132D-2E12-459D-9BB6-23A5E8248EAF}.Release|x86.ActiveCfg = Release|Any CPU
		{93E3132D-2E12-459D-9BB6-23A5E8248EAF}.Release|x86.Build.0 = Release|Any CPU
		{8CEEA319-3E1B-430F-8DC4-29863E7AB4EB}.Ad-Hoc|Any CPU.ActiveCfg = Release|x86
		{8CEEA319-3E1B-430F-8DC4-29863E7AB4EB}.Ad-Hoc|Any CPU.Build.0 = Release|x86
		{8CEEA319-3E1B-430F-8DC4-29863E7AB4EB}.Ad-Hoc|Any CPU.Deploy.0 = Release|x86
		{8CEEA319-3E1B-430F-8DC4-29863E7AB4EB}.Ad-Hoc|ARM.ActiveCfg = Release|ARM
		{8CEEA319-3E1B-430F-8DC4-29863E7AB4EB}.Ad-Hoc|ARM.Build.0 = Release|ARM
		{8CEEA319-3E1B-430F-8DC4-29863E7AB4EB}.Ad-Hoc|ARM.Deploy.0 = Release|ARM
		{8CEEA319-3E1B-430F-8DC4-29863E7AB4EB}.Ad-Hoc|iPhone.ActiveCfg = Release|x86
		{8CEEA319-3E1B-430F-8DC4-29863E7AB4EB}.Ad-Hoc|iPhone.Build.0 = Release|x86
		{8CEEA319-3E1B-430F-8DC4-29863E7AB4EB}.Ad-Hoc|iPhone.Deploy.0 = Release|x86
		{8CEEA319-3E1B-430F-8DC4-29863E7AB4EB}.Ad-Hoc|iPhoneSimulator.ActiveCfg = Release|x86
		{8CEEA319-3E1B-430F-8DC4-29863E7AB4EB}.Ad-Hoc|iPhoneSimulator.Build.0 = Release|x86
		{8CEEA319-3E1B-430F-8DC4-29863E7AB4EB}.Ad-Hoc|iPhoneSimulator.Deploy.0 = Release|x86
		{8CEEA319-3E1B-430F-8DC4-29863E7AB4EB}.Ad-Hoc|x64.ActiveCfg = Release|x64
		{8CEEA319-3E1B-430F-8DC4-29863E7AB4EB}.Ad-Hoc|x64.Build.0 = Release|x64
		{8CEEA319-3E1B-430F-8DC4-29863E7AB4EB}.Ad-Hoc|x64.Deploy.0 = Release|x64
		{8CEEA319-3E1B-430F-8DC4-29863E7AB4EB}.Ad-Hoc|x86.ActiveCfg = Release|x86
		{8CEEA319-3E1B-430F-8DC4-29863E7AB4EB}.Ad-Hoc|x86.Build.0 = Release|x86
		{8CEEA319-3E1B-430F-8DC4-29863E7AB4EB}.Ad-Hoc|x86.Deploy.0 = Release|x86
		{8CEEA319-3E1B-430F-8DC4-29863E7AB4EB}.AppStore|Any CPU.ActiveCfg = Release|x86
		{8CEEA319-3E1B-430F-8DC4-29863E7AB4EB}.AppStore|Any CPU.Build.0 = Release|x86
		{8CEEA319-3E1B-430F-8DC4-29863E7AB4EB}.AppStore|Any CPU.Deploy.0 = Release|x86
		{8CEEA319-3E1B-430F-8DC4-29863E7AB4EB}.AppStore|ARM.ActiveCfg = Release|ARM
		{8CEEA319-3E1B-430F-8DC4-29863E7AB4EB}.AppStore|ARM.Build.0 = Release|ARM
		{8CEEA319-3E1B-430F-8DC4-29863E7AB4EB}.AppStore|ARM.Deploy.0 = Release|ARM
		{8CEEA319-3E1B-430F-8DC4-29863E7AB4EB}.AppStore|iPhone.ActiveCfg = Release|x86
		{8CEEA319-3E1B-430F-8DC4-29863E7AB4EB}.AppStore|iPhone.Build.0 = Release|x86
		{8CEEA319-3E1B-430F-8DC4-29863E7AB4EB}.AppStore|iPhone.Deploy.0 = Release|x86
		{8CEEA319-3E1B-430F-8DC4-29863E7AB4EB}.AppStore|iPhoneSimulator.ActiveCfg = Release|x86
		{8CEEA319-3E1B-430F-8DC4-29863E7AB4EB}.AppStore|iPhoneSimulator.Build.0 = Release|x86
		{8CEEA319-3E1B-430F-8DC4-29863E7AB4EB}.AppStore|iPhoneSimulator.Deploy.0 = Release|x86
		{8CEEA319-3E1B-430F-8DC4-29863E7AB4EB}.AppStore|x64.ActiveCfg = Release|x64
		{8CEEA319-3E1B-430F-8DC4-29863E7AB4EB}.AppStore|x64.Build.0 = Release|x64
		{8CEEA319-3E1B-430F-8DC4-29863E7AB4EB}.AppStore|x64.Deploy.0 = Release|x64
		{8CEEA319-3E1B-430F-8DC4-29863E7AB4EB}.AppStore|x86.ActiveCfg = Release|x86
		{8CEEA319-3E1B-430F-8DC4-29863E7AB4EB}.AppStore|x86.Build.0 = Release|x86
		{8CEEA319-3E1B-430F-8DC4-29863E7AB4EB}.AppStore|x86.Deploy.0 = Release|x86
		{8CEEA319-3E1B-430F-8DC4-29863E7AB4EB}.Debug|Any CPU.ActiveCfg = Debug|x86
		{8CEEA319-3E1B-430F-8DC4-29863E7AB4EB}.Debug|ARM.ActiveCfg = Debug|ARM
		{8CEEA319-3E1B-430F-8DC4-29863E7AB4EB}.Debug|ARM.Build.0 = Debug|ARM
		{8CEEA319-3E1B-430F-8DC4-29863E7AB4EB}.Debug|ARM.Deploy.0 = Debug|ARM
		{8CEEA319-3E1B-430F-8DC4-29863E7AB4EB}.Debug|iPhone.ActiveCfg = Debug|x86
		{8CEEA319-3E1B-430F-8DC4-29863E7AB4EB}.Debug|iPhoneSimulator.ActiveCfg = Debug|x86
		{8CEEA319-3E1B-430F-8DC4-29863E7AB4EB}.Debug|x64.ActiveCfg = Debug|x64
		{8CEEA319-3E1B-430F-8DC4-29863E7AB4EB}.Debug|x64.Build.0 = Debug|x64
		{8CEEA319-3E1B-430F-8DC4-29863E7AB4EB}.Debug|x64.Deploy.0 = Debug|x64
		{8CEEA319-3E1B-430F-8DC4-29863E7AB4EB}.Debug|x86.ActiveCfg = Debug|x86
		{8CEEA319-3E1B-430F-8DC4-29863E7AB4EB}.Debug|x86.Build.0 = Debug|x86
		{8CEEA319-3E1B-430F-8DC4-29863E7AB4EB}.Debug|x86.Deploy.0 = Debug|x86
		{8CEEA319-3E1B-430F-8DC4-29863E7AB4EB}.Release|Any CPU.ActiveCfg = Release|x86
		{8CEEA319-3E1B-430F-8DC4-29863E7AB4EB}.Release|ARM.ActiveCfg = Release|ARM
		{8CEEA319-3E1B-430F-8DC4-29863E7AB4EB}.Release|ARM.Build.0 = Release|ARM
		{8CEEA319-3E1B-430F-8DC4-29863E7AB4EB}.Release|ARM.Deploy.0 = Release|ARM
		{8CEEA319-3E1B-430F-8DC4-29863E7AB4EB}.Release|iPhone.ActiveCfg = Release|x86
		{8CEEA319-3E1B-430F-8DC4-29863E7AB4EB}.Release|iPhoneSimulator.ActiveCfg = Release|x86
		{8CEEA319-3E1B-430F-8DC4-29863E7AB4EB}.Release|x64.ActiveCfg = Release|x64
		{8CEEA319-3E1B-430F-8DC4-29863E7AB4EB}.Release|x64.Build.0 = Release|x64
		{8CEEA319-3E1B-430F-8DC4-29863E7AB4EB}.Release|x64.Deploy.0 = Release|x64
		{8CEEA319-3E1B-430F-8DC4-29863E7AB4EB}.Release|x86.ActiveCfg = Release|x86
		{8CEEA319-3E1B-430F-8DC4-29863E7AB4EB}.Release|x86.Build.0 = Release|x86
		{8CEEA319-3E1B-430F-8DC4-29863E7AB4EB}.Release|x86.Deploy.0 = Release|x86
		{AFD41CF2-8E4A-41AC-855B-6A416094329D}.Ad-Hoc|Any CPU.ActiveCfg = Ad-Hoc|iPhone
		{AFD41CF2-8E4A-41AC-855B-6A416094329D}.Ad-Hoc|ARM.ActiveCfg = Ad-Hoc|iPhone
		{AFD41CF2-8E4A-41AC-855B-6A416094329D}.Ad-Hoc|iPhone.ActiveCfg = Ad-Hoc|iPhone
		{AFD41CF2-8E4A-41AC-855B-6A416094329D}.Ad-Hoc|iPhone.Build.0 = Ad-Hoc|iPhone
		{AFD41CF2-8E4A-41AC-855B-6A416094329D}.Ad-Hoc|iPhoneSimulator.ActiveCfg = Ad-Hoc|iPhoneSimulator
		{AFD41CF2-8E4A-41AC-855B-6A416094329D}.Ad-Hoc|iPhoneSimulator.Build.0 = Ad-Hoc|iPhoneSimulator
		{AFD41CF2-8E4A-41AC-855B-6A416094329D}.Ad-Hoc|x64.ActiveCfg = Ad-Hoc|iPhone
		{AFD41CF2-8E4A-41AC-855B-6A416094329D}.Ad-Hoc|x86.ActiveCfg = Ad-Hoc|iPhone
		{AFD41CF2-8E4A-41AC-855B-6A416094329D}.AppStore|Any CPU.ActiveCfg = AppStore|iPhone
		{AFD41CF2-8E4A-41AC-855B-6A416094329D}.AppStore|ARM.ActiveCfg = AppStore|iPhone
		{AFD41CF2-8E4A-41AC-855B-6A416094329D}.AppStore|iPhone.ActiveCfg = AppStore|iPhone
		{AFD41CF2-8E4A-41AC-855B-6A416094329D}.AppStore|iPhone.Build.0 = AppStore|iPhone
		{AFD41CF2-8E4A-41AC-855B-6A416094329D}.AppStore|iPhoneSimulator.ActiveCfg = AppStore|iPhoneSimulator
		{AFD41CF2-8E4A-41AC-855B-6A416094329D}.AppStore|iPhoneSimulator.Build.0 = AppStore|iPhoneSimulator
		{AFD41CF2-8E4A-41AC-855B-6A416094329D}.AppStore|x64.ActiveCfg = AppStore|iPhone
		{AFD41CF2-8E4A-41AC-855B-6A416094329D}.AppStore|x86.ActiveCfg = AppStore|iPhone
		{AFD41CF2-8E4A-41AC-855B-6A416094329D}.Debug|Any CPU.ActiveCfg = Debug|iPhone
		{AFD41CF2-8E4A-41AC-855B-6A416094329D}.Debug|ARM.ActiveCfg = Debug|iPhone
		{AFD41CF2-8E4A-41AC-855B-6A416094329D}.Debug|iPhone.ActiveCfg = Debug|iPhone
		{AFD41CF2-8E4A-41AC-855B-6A416094329D}.Debug|iPhone.Build.0 = Debug|iPhone
		{AFD41CF2-8E4A-41AC-855B-6A416094329D}.Debug|iPhoneSimulator.ActiveCfg = Debug|iPhoneSimulator
		{AFD41CF2-8E4A-41AC-855B-6A416094329D}.Debug|iPhoneSimulator.Build.0 = Debug|iPhoneSimulator
		{AFD41CF2-8E4A-41AC-855B-6A416094329D}.Debug|x64.ActiveCfg = Debug|iPhone
		{AFD41CF2-8E4A-41AC-855B-6A416094329D}.Debug|x86.ActiveCfg = Debug|iPhone
		{AFD41CF2-8E4A-41AC-855B-6A416094329D}.Release|Any CPU.ActiveCfg = Release|iPhone
		{AFD41CF2-8E4A-41AC-855B-6A416094329D}.Release|ARM.ActiveCfg = Release|iPhone
		{AFD41CF2-8E4A-41AC-855B-6A416094329D}.Release|iPhone.ActiveCfg = Release|iPhone
		{AFD41CF2-8E4A-41AC-855B-6A416094329D}.Release|iPhone.Build.0 = Release|iPhone
		{AFD41CF2-8E4A-41AC-855B-6A416094329D}.Release|iPhoneSimulator.ActiveCfg = Release|iPhoneSimulator
		{AFD41CF2-8E4A-41AC-855B-6A416094329D}.Release|iPhoneSimulator.Build.0 = Release|iPhoneSimulator
		{AFD41CF2-8E4A-41AC-855B-6A416094329D}.Release|x64.ActiveCfg = Release|iPhone
		{AFD41CF2-8E4A-41AC-855B-6A416094329D}.Release|x86.ActiveCfg = Release|iPhone
	EndGlobalSection
	GlobalSection(SolutionProperties) = preSolution
		HideSolutionNode = FALSE
	EndGlobalSection
EndGlobal
